// !$*UTF8*$!
{
	archiveVersion = 1;
	classes = {
	};
	objectVersion = 51;
	objects = {

/* Begin PBXBuildFile section */
		64B65D51898FC07E101BB79C /* Pods_NutritionAnalysisApp_NutritionAnalysisAppUITests.framework in Frameworks */ = {isa = PBXBuildFile; fileRef = 109232582E5FE4055ADD9BD9 /* Pods_NutritionAnalysisApp_NutritionAnalysisAppUITests.framework */; };
		6EAF5DF66982D0183E7C28EA /* Pods_NutritionAnalysisAppTests.framework in Frameworks */ = {isa = PBXBuildFile; fileRef = 6E307381427FD3CA642B81F6 /* Pods_NutritionAnalysisAppTests.framework */; };
		E220A8182699085D009B4F60 /* AppDelegate.swift in Sources */ = {isa = PBXBuildFile; fileRef = E220A8172699085D009B4F60 /* AppDelegate.swift */; };
		E220A81A2699085D009B4F60 /* SceneDelegate.swift in Sources */ = {isa = PBXBuildFile; fileRef = E220A8192699085D009B4F60 /* SceneDelegate.swift */; };
		E220A81C2699085D009B4F60 /* ViewController.swift in Sources */ = {isa = PBXBuildFile; fileRef = E220A81B2699085D009B4F60 /* ViewController.swift */; };
		E220A81F2699085D009B4F60 /* Main.storyboard in Resources */ = {isa = PBXBuildFile; fileRef = E220A81D2699085D009B4F60 /* Main.storyboard */; };
		E220A82126990860009B4F60 /* Assets.xcassets in Resources */ = {isa = PBXBuildFile; fileRef = E220A82026990860009B4F60 /* Assets.xcassets */; };
		E220A82426990860009B4F60 /* LaunchScreen.storyboard in Resources */ = {isa = PBXBuildFile; fileRef = E220A82226990860009B4F60 /* LaunchScreen.storyboard */; };
		E220A82F26990860009B4F60 /* NutritionAnalysisAppTests.swift in Sources */ = {isa = PBXBuildFile; fileRef = E220A82E26990860009B4F60 /* NutritionAnalysisAppTests.swift */; };
		E220A83A26990860009B4F60 /* NutritionAnalysisAppUITests.swift in Sources */ = {isa = PBXBuildFile; fileRef = E220A83926990860009B4F60 /* NutritionAnalysisAppUITests.swift */; };
		E220A850269915F4009B4F60 /* Storyboards.swift in Sources */ = {isa = PBXBuildFile; fileRef = E220A84F269915F4009B4F60 /* Storyboards.swift */; };
		E220A85226991657009B4F60 /* NetworkConstants.swift in Sources */ = {isa = PBXBuildFile; fileRef = E220A85126991657009B4F60 /* NetworkConstants.swift */; };
		E220A858269917E6009B4F60 /* Home.storyboard in Resources */ = {isa = PBXBuildFile; fileRef = E220A857269917E6009B4F60 /* Home.storyboard */; };
		E220A85B26991838009B4F60 /* UIViewController + Extension.swift in Sources */ = {isa = PBXBuildFile; fileRef = E220A85A26991838009B4F60 /* UIViewController + Extension.swift */; };
		E220A85D26991924009B4F60 /* HomeViewController.swift in Sources */ = {isa = PBXBuildFile; fileRef = E220A85C26991924009B4F60 /* HomeViewController.swift */; };
		E220A85F26991BBD009B4F60 /* HomeViewModel.swift in Sources */ = {isa = PBXBuildFile; fileRef = E220A85E26991BBD009B4F60 /* HomeViewModel.swift */; };
		E220A86126991E0D009B4F60 /* AnalyzeResponse.swift in Sources */ = {isa = PBXBuildFile; fileRef = E220A86026991E0D009B4F60 /* AnalyzeResponse.swift */; };
		E220A86326992029009B4F60 /* Ingredient.swift in Sources */ = {isa = PBXBuildFile; fileRef = E220A86226992029009B4F60 /* Ingredient.swift */; };
		E220A865269920F2009B4F60 /* Nutrient.swift in Sources */ = {isa = PBXBuildFile; fileRef = E220A864269920F2009B4F60 /* Nutrient.swift */; };
		E220A86726992285009B4F60 /* HomeNetworkRequests.swift.swift in Sources */ = {isa = PBXBuildFile; fileRef = E220A86626992285009B4F60 /* HomeNetworkRequests.swift.swift */; };
		E220A869269922C3009B4F60 /* HomeRouter.swift in Sources */ = {isa = PBXBuildFile; fileRef = E220A868269922C3009B4F60 /* HomeRouter.swift */; };
		E270DA862699E6F6009B035B /* IngredientsDetailsViewController.swift in Sources */ = {isa = PBXBuildFile; fileRef = E270DA852699E6F6009B035B /* IngredientsDetailsViewController.swift */; };
		E270DA8B2699E724009B035B /* IngredientsDetails.storyboard in Resources */ = {isa = PBXBuildFile; fileRef = E270DA8A2699E724009B035B /* IngredientsDetails.storyboard */; };
		E270DA8F2699E7E4009B035B /* IngredientTableViewCell.swift in Sources */ = {isa = PBXBuildFile; fileRef = E270DA8D2699E7E4009B035B /* IngredientTableViewCell.swift */; };
		E270DA902699E7E4009B035B /* IngredientTableViewCell.xib in Resources */ = {isa = PBXBuildFile; fileRef = E270DA8E2699E7E4009B035B /* IngredientTableViewCell.xib */; };
		E270DA922699F93E009B035B /* UIView+Border.swift in Sources */ = {isa = PBXBuildFile; fileRef = E270DA912699F93E009B035B /* UIView+Border.swift */; };
		E270DA942699F95B009B035B /* UIView+CornerRadius.swift in Sources */ = {isa = PBXBuildFile; fileRef = E270DA932699F95B009B035B /* UIView+CornerRadius.swift */; };
		E270DA96269A0B64009B035B /* IngredientsDetailsViewModel.swift in Sources */ = {isa = PBXBuildFile; fileRef = E270DA95269A0B64009B035B /* IngredientsDetailsViewModel.swift */; };
		E270DA9E269A4F26009B035B /* dic.swift in Sources */ = {isa = PBXBuildFile; fileRef = E270DA9D269A4F26009B035B /* dic.swift */; };
		E270DAA4269A5922009B035B /* TotalFactsViewController.swift in Sources */ = {isa = PBXBuildFile; fileRef = E270DAA3269A5922009B035B /* TotalFactsViewController.swift */; };
		E270DAA6269A592D009B035B /* TotalFacts.storyboard in Resources */ = {isa = PBXBuildFile; fileRef = E270DAA5269A592D009B035B /* TotalFacts.storyboard */; };
		E270DAA8269A5949009B035B /* TotalFactsViewModel.swift in Sources */ = {isa = PBXBuildFile; fileRef = E270DAA7269A5949009B035B /* TotalFactsViewModel.swift */; };
		E270DAAA269A65D8009B035B /* TotalNutrients.swift in Sources */ = {isa = PBXBuildFile; fileRef = E270DAA9269A65D8009B035B /* TotalNutrients.swift */; };
		E270DAAC269A65E7009B035B /* Facts.swift in Sources */ = {isa = PBXBuildFile; fileRef = E270DAAB269A65E7009B035B /* Facts.swift */; };
		E270DAAE269A66BD009B035B /* nut.swift in Sources */ = {isa = PBXBuildFile; fileRef = E270DAAD269A66BD009B035B /* nut.swift */; };
		E270DAB0269A6713009B035B /* TotalNutrientsKCal.swift in Sources */ = {isa = PBXBuildFile; fileRef = E270DAAF269A6713009B035B /* TotalNutrientsKCal.swift */; };
		F883C4D9BE54ACA6488B6FA7 /* Pods_NutritionAnalysisApp.framework in Frameworks */ = {isa = PBXBuildFile; fileRef = 70D54F6B0E8571228686AD7F /* Pods_NutritionAnalysisApp.framework */; };
/* End PBXBuildFile section */

/* Begin PBXContainerItemProxy section */
		E220A82B26990860009B4F60 /* PBXContainerItemProxy */ = {
			isa = PBXContainerItemProxy;
			containerPortal = E220A80C2699085D009B4F60 /* Project object */;
			proxyType = 1;
			remoteGlobalIDString = E220A8132699085D009B4F60;
			remoteInfo = NutritionAnalysisApp;
		};
		E220A83626990860009B4F60 /* PBXContainerItemProxy */ = {
			isa = PBXContainerItemProxy;
			containerPortal = E220A80C2699085D009B4F60 /* Project object */;
			proxyType = 1;
			remoteGlobalIDString = E220A8132699085D009B4F60;
			remoteInfo = NutritionAnalysisApp;
		};
/* End PBXContainerItemProxy section */

/* Begin PBXFileReference section */
		109232582E5FE4055ADD9BD9 /* Pods_NutritionAnalysisApp_NutritionAnalysisAppUITests.framework */ = {isa = PBXFileReference; explicitFileType = wrapper.framework; includeInIndex = 0; path = Pods_NutritionAnalysisApp_NutritionAnalysisAppUITests.framework; sourceTree = BUILT_PRODUCTS_DIR; };
		2684FE934539D8531A14CB51 /* Pods-NutritionAnalysisAppTests.debug.xcconfig */ = {isa = PBXFileReference; includeInIndex = 1; lastKnownFileType = text.xcconfig; name = "Pods-NutritionAnalysisAppTests.debug.xcconfig"; path = "Target Support Files/Pods-NutritionAnalysisAppTests/Pods-NutritionAnalysisAppTests.debug.xcconfig"; sourceTree = "<group>"; };
		6E307381427FD3CA642B81F6 /* Pods_NutritionAnalysisAppTests.framework */ = {isa = PBXFileReference; explicitFileType = wrapper.framework; includeInIndex = 0; path = Pods_NutritionAnalysisAppTests.framework; sourceTree = BUILT_PRODUCTS_DIR; };
		70D54F6B0E8571228686AD7F /* Pods_NutritionAnalysisApp.framework */ = {isa = PBXFileReference; explicitFileType = wrapper.framework; includeInIndex = 0; path = Pods_NutritionAnalysisApp.framework; sourceTree = BUILT_PRODUCTS_DIR; };
		759813DC80CF3445B970D009 /* Pods-NutritionAnalysisAppTests.release.xcconfig */ = {isa = PBXFileReference; includeInIndex = 1; lastKnownFileType = text.xcconfig; name = "Pods-NutritionAnalysisAppTests.release.xcconfig"; path = "Target Support Files/Pods-NutritionAnalysisAppTests/Pods-NutritionAnalysisAppTests.release.xcconfig"; sourceTree = "<group>"; };
		99797DF4D1DBD45DC3D41D02 /* Pods-NutritionAnalysisApp.debug.xcconfig */ = {isa = PBXFileReference; includeInIndex = 1; lastKnownFileType = text.xcconfig; name = "Pods-NutritionAnalysisApp.debug.xcconfig"; path = "Target Support Files/Pods-NutritionAnalysisApp/Pods-NutritionAnalysisApp.debug.xcconfig"; sourceTree = "<group>"; };
		E220A8142699085D009B4F60 /* NutritionAnalysisApp.app */ = {isa = PBXFileReference; explicitFileType = wrapper.application; includeInIndex = 0; path = NutritionAnalysisApp.app; sourceTree = BUILT_PRODUCTS_DIR; };
		E220A8172699085D009B4F60 /* AppDelegate.swift */ = {isa = PBXFileReference; lastKnownFileType = sourcecode.swift; path = AppDelegate.swift; sourceTree = "<group>"; };
		E220A8192699085D009B4F60 /* SceneDelegate.swift */ = {isa = PBXFileReference; lastKnownFileType = sourcecode.swift; path = SceneDelegate.swift; sourceTree = "<group>"; };
		E220A81B2699085D009B4F60 /* ViewController.swift */ = {isa = PBXFileReference; lastKnownFileType = sourcecode.swift; path = ViewController.swift; sourceTree = "<group>"; };
		E220A81E2699085D009B4F60 /* Base */ = {isa = PBXFileReference; lastKnownFileType = file.storyboard; name = Base; path = Base.lproj/Main.storyboard; sourceTree = "<group>"; };
		E220A82026990860009B4F60 /* Assets.xcassets */ = {isa = PBXFileReference; lastKnownFileType = folder.assetcatalog; path = Assets.xcassets; sourceTree = "<group>"; };
		E220A82326990860009B4F60 /* Base */ = {isa = PBXFileReference; lastKnownFileType = file.storyboard; name = Base; path = Base.lproj/LaunchScreen.storyboard; sourceTree = "<group>"; };
		E220A82526990860009B4F60 /* Info.plist */ = {isa = PBXFileReference; lastKnownFileType = text.plist.xml; path = Info.plist; sourceTree = "<group>"; };
		E220A82A26990860009B4F60 /* NutritionAnalysisAppTests.xctest */ = {isa = PBXFileReference; explicitFileType = wrapper.cfbundle; includeInIndex = 0; path = NutritionAnalysisAppTests.xctest; sourceTree = BUILT_PRODUCTS_DIR; };
		E220A82E26990860009B4F60 /* NutritionAnalysisAppTests.swift */ = {isa = PBXFileReference; lastKnownFileType = sourcecode.swift; path = NutritionAnalysisAppTests.swift; sourceTree = "<group>"; };
		E220A83026990860009B4F60 /* Info.plist */ = {isa = PBXFileReference; lastKnownFileType = text.plist.xml; path = Info.plist; sourceTree = "<group>"; };
		E220A83526990860009B4F60 /* NutritionAnalysisAppUITests.xctest */ = {isa = PBXFileReference; explicitFileType = wrapper.cfbundle; includeInIndex = 0; path = NutritionAnalysisAppUITests.xctest; sourceTree = BUILT_PRODUCTS_DIR; };
		E220A83926990860009B4F60 /* NutritionAnalysisAppUITests.swift */ = {isa = PBXFileReference; lastKnownFileType = sourcecode.swift; path = NutritionAnalysisAppUITests.swift; sourceTree = "<group>"; };
		E220A83B26990860009B4F60 /* Info.plist */ = {isa = PBXFileReference; lastKnownFileType = text.plist.xml; path = Info.plist; sourceTree = "<group>"; };
		E220A84F269915F4009B4F60 /* Storyboards.swift */ = {isa = PBXFileReference; lastKnownFileType = sourcecode.swift; path = Storyboards.swift; sourceTree = "<group>"; };
		E220A85126991657009B4F60 /* NetworkConstants.swift */ = {isa = PBXFileReference; lastKnownFileType = sourcecode.swift; path = NetworkConstants.swift; sourceTree = "<group>"; };
		E220A857269917E6009B4F60 /* Home.storyboard */ = {isa = PBXFileReference; lastKnownFileType = file.storyboard; path = Home.storyboard; sourceTree = "<group>"; };
		E220A85A26991838009B4F60 /* UIViewController + Extension.swift */ = {isa = PBXFileReference; lastKnownFileType = sourcecode.swift; path = "UIViewController + Extension.swift"; sourceTree = "<group>"; };
		E220A85C26991924009B4F60 /* HomeViewController.swift */ = {isa = PBXFileReference; lastKnownFileType = sourcecode.swift; path = HomeViewController.swift; sourceTree = "<group>"; };
		E220A85E26991BBD009B4F60 /* HomeViewModel.swift */ = {isa = PBXFileReference; lastKnownFileType = sourcecode.swift; path = HomeViewModel.swift; sourceTree = "<group>"; };
		E220A86026991E0D009B4F60 /* AnalyzeResponse.swift */ = {isa = PBXFileReference; lastKnownFileType = sourcecode.swift; path = AnalyzeResponse.swift; sourceTree = "<group>"; };
		E220A86226992029009B4F60 /* Ingredient.swift */ = {isa = PBXFileReference; lastKnownFileType = sourcecode.swift; path = Ingredient.swift; sourceTree = "<group>"; };
		E220A864269920F2009B4F60 /* Nutrient.swift */ = {isa = PBXFileReference; lastKnownFileType = sourcecode.swift; path = Nutrient.swift; sourceTree = "<group>"; };
		E220A86626992285009B4F60 /* HomeNetworkRequests.swift.swift */ = {isa = PBXFileReference; lastKnownFileType = sourcecode.swift; path = HomeNetworkRequests.swift.swift; sourceTree = "<group>"; };
		E220A868269922C3009B4F60 /* HomeRouter.swift */ = {isa = PBXFileReference; lastKnownFileType = sourcecode.swift; path = HomeRouter.swift; sourceTree = "<group>"; };
		E270DA852699E6F6009B035B /* IngredientsDetailsViewController.swift */ = {isa = PBXFileReference; lastKnownFileType = sourcecode.swift; path = IngredientsDetailsViewController.swift; sourceTree = "<group>"; };
		E270DA8A2699E724009B035B /* IngredientsDetails.storyboard */ = {isa = PBXFileReference; lastKnownFileType = file.storyboard; path = IngredientsDetails.storyboard; sourceTree = "<group>"; };
		E270DA8D2699E7E4009B035B /* IngredientTableViewCell.swift */ = {isa = PBXFileReference; lastKnownFileType = sourcecode.swift; path = IngredientTableViewCell.swift; sourceTree = "<group>"; };
		E270DA8E2699E7E4009B035B /* IngredientTableViewCell.xib */ = {isa = PBXFileReference; lastKnownFileType = file.xib; path = IngredientTableViewCell.xib; sourceTree = "<group>"; };
		E270DA912699F93E009B035B /* UIView+Border.swift */ = {isa = PBXFileReference; lastKnownFileType = sourcecode.swift; path = "UIView+Border.swift"; sourceTree = "<group>"; };
		E270DA932699F95B009B035B /* UIView+CornerRadius.swift */ = {isa = PBXFileReference; lastKnownFileType = sourcecode.swift; path = "UIView+CornerRadius.swift"; sourceTree = "<group>"; };
		E270DA95269A0B64009B035B /* IngredientsDetailsViewModel.swift */ = {isa = PBXFileReference; lastKnownFileType = sourcecode.swift; path = IngredientsDetailsViewModel.swift; sourceTree = "<group>"; };
		E270DA9D269A4F26009B035B /* dic.swift */ = {isa = PBXFileReference; lastKnownFileType = sourcecode.swift; path = dic.swift; sourceTree = "<group>"; };
		E270DAA3269A5922009B035B /* TotalFactsViewController.swift */ = {isa = PBXFileReference; lastKnownFileType = sourcecode.swift; path = TotalFactsViewController.swift; sourceTree = "<group>"; };
		E270DAA5269A592D009B035B /* TotalFacts.storyboard */ = {isa = PBXFileReference; lastKnownFileType = file.storyboard; path = TotalFacts.storyboard; sourceTree = "<group>"; };
		E270DAA7269A5949009B035B /* TotalFactsViewModel.swift */ = {isa = PBXFileReference; lastKnownFileType = sourcecode.swift; path = TotalFactsViewModel.swift; sourceTree = "<group>"; };
		E270DAA9269A65D8009B035B /* TotalNutrients.swift */ = {isa = PBXFileReference; fileEncoding = 4; lastKnownFileType = sourcecode.swift; path = TotalNutrients.swift; sourceTree = "<group>"; };
		E270DAAB269A65E7009B035B /* Facts.swift */ = {isa = PBXFileReference; fileEncoding = 4; lastKnownFileType = sourcecode.swift; path = Facts.swift; sourceTree = "<group>"; };
		E270DAAD269A66BD009B035B /* nut.swift */ = {isa = PBXFileReference; fileEncoding = 4; lastKnownFileType = sourcecode.swift; path = nut.swift; sourceTree = "<group>"; };
		E270DAAF269A6713009B035B /* TotalNutrientsKCal.swift */ = {isa = PBXFileReference; fileEncoding = 4; lastKnownFileType = sourcecode.swift; path = TotalNutrientsKCal.swift; sourceTree = "<group>"; };
		EC0406A731B581784BCFCE9B /* Pods-NutritionAnalysisApp-NutritionAnalysisAppUITests.release.xcconfig */ = {isa = PBXFileReference; includeInIndex = 1; lastKnownFileType = text.xcconfig; name = "Pods-NutritionAnalysisApp-NutritionAnalysisAppUITests.release.xcconfig"; path = "Target Support Files/Pods-NutritionAnalysisApp-NutritionAnalysisAppUITests/Pods-NutritionAnalysisApp-NutritionAnalysisAppUITests.release.xcconfig"; sourceTree = "<group>"; };
		F43279FF051DE53AB1A8F3F9 /* Pods-NutritionAnalysisApp-NutritionAnalysisAppUITests.debug.xcconfig */ = {isa = PBXFileReference; includeInIndex = 1; lastKnownFileType = text.xcconfig; name = "Pods-NutritionAnalysisApp-NutritionAnalysisAppUITests.debug.xcconfig"; path = "Target Support Files/Pods-NutritionAnalysisApp-NutritionAnalysisAppUITests/Pods-NutritionAnalysisApp-NutritionAnalysisAppUITests.debug.xcconfig"; sourceTree = "<group>"; };
		F502D41294CF6F50C5F8436E /* Pods-NutritionAnalysisApp.release.xcconfig */ = {isa = PBXFileReference; includeInIndex = 1; lastKnownFileType = text.xcconfig; name = "Pods-NutritionAnalysisApp.release.xcconfig"; path = "Target Support Files/Pods-NutritionAnalysisApp/Pods-NutritionAnalysisApp.release.xcconfig"; sourceTree = "<group>"; };
/* End PBXFileReference section */

/* Begin PBXFrameworksBuildPhase section */
		E220A8112699085D009B4F60 /* Frameworks */ = {
			isa = PBXFrameworksBuildPhase;
			buildActionMask = 2147483647;
			files = (
				F883C4D9BE54ACA6488B6FA7 /* Pods_NutritionAnalysisApp.framework in Frameworks */,
			);
			runOnlyForDeploymentPostprocessing = 0;
		};
		E220A82726990860009B4F60 /* Frameworks */ = {
			isa = PBXFrameworksBuildPhase;
			buildActionMask = 2147483647;
			files = (
				6EAF5DF66982D0183E7C28EA /* Pods_NutritionAnalysisAppTests.framework in Frameworks */,
			);
			runOnlyForDeploymentPostprocessing = 0;
		};
		E220A83226990860009B4F60 /* Frameworks */ = {
			isa = PBXFrameworksBuildPhase;
			buildActionMask = 2147483647;
			files = (
				64B65D51898FC07E101BB79C /* Pods_NutritionAnalysisApp_NutritionAnalysisAppUITests.framework in Frameworks */,
			);
			runOnlyForDeploymentPostprocessing = 0;
		};
/* End PBXFrameworksBuildPhase section */

/* Begin PBXGroup section */
		9E184458A8BE5990E21D334D /* Frameworks */ = {
			isa = PBXGroup;
			children = (
				70D54F6B0E8571228686AD7F /* Pods_NutritionAnalysisApp.framework */,
				109232582E5FE4055ADD9BD9 /* Pods_NutritionAnalysisApp_NutritionAnalysisAppUITests.framework */,
				6E307381427FD3CA642B81F6 /* Pods_NutritionAnalysisAppTests.framework */,
			);
			name = Frameworks;
			sourceTree = "<group>";
		};
		DDF604A9A89A85674CA015FB /* Pods */ = {
			isa = PBXGroup;
			children = (
				99797DF4D1DBD45DC3D41D02 /* Pods-NutritionAnalysisApp.debug.xcconfig */,
				F502D41294CF6F50C5F8436E /* Pods-NutritionAnalysisApp.release.xcconfig */,
				F43279FF051DE53AB1A8F3F9 /* Pods-NutritionAnalysisApp-NutritionAnalysisAppUITests.debug.xcconfig */,
				EC0406A731B581784BCFCE9B /* Pods-NutritionAnalysisApp-NutritionAnalysisAppUITests.release.xcconfig */,
				2684FE934539D8531A14CB51 /* Pods-NutritionAnalysisAppTests.debug.xcconfig */,
				759813DC80CF3445B970D009 /* Pods-NutritionAnalysisAppTests.release.xcconfig */,
			);
			path = Pods;
			sourceTree = "<group>";
		};
		E220A80B2699085D009B4F60 = {
			isa = PBXGroup;
			children = (
				E220A8162699085D009B4F60 /* NutritionAnalysisApp */,
				E220A82D26990860009B4F60 /* NutritionAnalysisAppTests */,
				E220A83826990860009B4F60 /* NutritionAnalysisAppUITests */,
				E220A8152699085D009B4F60 /* Products */,
				DDF604A9A89A85674CA015FB /* Pods */,
				9E184458A8BE5990E21D334D /* Frameworks */,
			);
			sourceTree = "<group>";
		};
		E220A8152699085D009B4F60 /* Products */ = {
			isa = PBXGroup;
			children = (
				E220A8142699085D009B4F60 /* NutritionAnalysisApp.app */,
				E220A82A26990860009B4F60 /* NutritionAnalysisAppTests.xctest */,
				E220A83526990860009B4F60 /* NutritionAnalysisAppUITests.xctest */,
			);
			name = Products;
			sourceTree = "<group>";
		};
		E220A8162699085D009B4F60 /* NutritionAnalysisApp */ = {
			isa = PBXGroup;
			children = (
				E220A84E269915C5009B4F60 /* Network */,
				E220A84D269915BB009B4F60 /* Constants */,
				E220A84C269915AE009B4F60 /* Helper */,
				E220A84B269915A2009B4F60 /* Core */,
				E220A84A26991595009B4F60 /* configuration */,
				E220A8492699158C009B4F60 /* Resources */,
				E220A8592699180E009B4F60 /* Extentions */,
				E220A84826991580009B4F60 /* Utilities */,
				E220A8472699156E009B4F60 /* Scenes */,
				E220A81B2699085D009B4F60 /* ViewController.swift */,
				E220A81D2699085D009B4F60 /* Main.storyboard */,
			);
			path = NutritionAnalysisApp;
			sourceTree = "<group>";
		};
		E220A82D26990860009B4F60 /* NutritionAnalysisAppTests */ = {
			isa = PBXGroup;
			children = (
				E220A82E26990860009B4F60 /* NutritionAnalysisAppTests.swift */,
				E220A83026990860009B4F60 /* Info.plist */,
			);
			path = NutritionAnalysisAppTests;
			sourceTree = "<group>";
		};
		E220A83826990860009B4F60 /* NutritionAnalysisAppUITests */ = {
			isa = PBXGroup;
			children = (
				E220A83926990860009B4F60 /* NutritionAnalysisAppUITests.swift */,
				E220A83B26990860009B4F60 /* Info.plist */,
			);
			path = NutritionAnalysisAppUITests;
			sourceTree = "<group>";
		};
		E220A8472699156E009B4F60 /* Scenes */ = {
			isa = PBXGroup;
			children = (
				E270DA9F269A5770009B035B /* TotalNutritionFacts */,
				E270DA842699E436009B035B /* IngredientsDetails */,
				E220A853269917BA009B4F60 /* Home */,
			);
			path = Scenes;
			sourceTree = "<group>";
		};
		E220A84826991580009B4F60 /* Utilities */ = {
			isa = PBXGroup;
			children = (
				E220A84F269915F4009B4F60 /* Storyboards.swift */,
			);
			path = Utilities;
			sourceTree = "<group>";
		};
		E220A8492699158C009B4F60 /* Resources */ = {
			isa = PBXGroup;
			children = (
				E220A82026990860009B4F60 /* Assets.xcassets */,
				E220A82226990860009B4F60 /* LaunchScreen.storyboard */,
			);
			path = Resources;
			sourceTree = "<group>";
		};
		E220A84A26991595009B4F60 /* configuration */ = {
			isa = PBXGroup;
			children = (
				E220A82526990860009B4F60 /* Info.plist */,
			);
			path = configuration;
			sourceTree = "<group>";
		};
		E220A84B269915A2009B4F60 /* Core */ = {
			isa = PBXGroup;
			children = (
				E220A8172699085D009B4F60 /* AppDelegate.swift */,
				E220A8192699085D009B4F60 /* SceneDelegate.swift */,
			);
			path = Core;
			sourceTree = "<group>";
		};
		E220A84C269915AE009B4F60 /* Helper */ = {
			isa = PBXGroup;
			children = (
			);
			path = Helper;
			sourceTree = "<group>";
		};
		E220A84D269915BB009B4F60 /* Constants */ = {
			isa = PBXGroup;
			children = (
				E220A85126991657009B4F60 /* NetworkConstants.swift */,
			);
			path = Constants;
			sourceTree = "<group>";
		};
		E220A84E269915C5009B4F60 /* Network */ = {
			isa = PBXGroup;
			children = (
				E220A86626992285009B4F60 /* HomeNetworkRequests.swift.swift */,
				E220A868269922C3009B4F60 /* HomeRouter.swift */,
			);
			path = Network;
			sourceTree = "<group>";
		};
		E220A853269917BA009B4F60 /* Home */ = {
			isa = PBXGroup;
			children = (
				E220A856269917D3009B4F60 /* View */,
				E220A855269917CB009B4F60 /* ViewModel */,
				E220A854269917C3009B4F60 /* Model */,
			);
			path = Home;
			sourceTree = "<group>";
		};
		E220A854269917C3009B4F60 /* Model */ = {
			isa = PBXGroup;
			children = (
			);
			path = Model;
			sourceTree = "<group>";
		};
		E220A855269917CB009B4F60 /* ViewModel */ = {
			isa = PBXGroup;
			children = (
				E220A85E26991BBD009B4F60 /* HomeViewModel.swift */,
			);
			path = ViewModel;
			sourceTree = "<group>";
		};
		E220A856269917D3009B4F60 /* View */ = {
			isa = PBXGroup;
			children = (
				E220A85C26991924009B4F60 /* HomeViewController.swift */,
				E220A857269917E6009B4F60 /* Home.storyboard */,
			);
			path = View;
			sourceTree = "<group>";
		};
		E220A8592699180E009B4F60 /* Extentions */ = {
			isa = PBXGroup;
			children = (
				E220A85A26991838009B4F60 /* UIViewController + Extension.swift */,
				E270DA912699F93E009B035B /* UIView+Border.swift */,
				E270DA932699F95B009B035B /* UIView+CornerRadius.swift */,
				E270DA9D269A4F26009B035B /* dic.swift */,
			);
			path = Extentions;
			sourceTree = "<group>";
		};
		E270DA842699E436009B035B /* IngredientsDetails */ = {
			isa = PBXGroup;
			children = (
				E270DA892699E70F009B035B /* View */,
				E270DA882699E707009B035B /* ViewModel */,
				E270DA872699E700009B035B /* Model */,
			);
			path = IngredientsDetails;
			sourceTree = "<group>";
		};
		E270DA872699E700009B035B /* Model */ = {
			isa = PBXGroup;
			children = (
				E220A86026991E0D009B4F60 /* AnalyzeResponse.swift */,
				E220A86226992029009B4F60 /* Ingredient.swift */,
				E220A864269920F2009B4F60 /* Nutrient.swift */,
			);
			path = Model;
			sourceTree = "<group>";
		};
		E270DA882699E707009B035B /* ViewModel */ = {
			isa = PBXGroup;
			children = (
				E270DA95269A0B64009B035B /* IngredientsDetailsViewModel.swift */,
			);
			path = ViewModel;
			sourceTree = "<group>";
		};
		E270DA892699E70F009B035B /* View */ = {
			isa = PBXGroup;
			children = (
				E270DA8C2699E7CC009B035B /* Cell */,
				E270DA852699E6F6009B035B /* IngredientsDetailsViewController.swift */,
				E270DA8A2699E724009B035B /* IngredientsDetails.storyboard */,
			);
			path = View;
			sourceTree = "<group>";
		};
		E270DA8C2699E7CC009B035B /* Cell */ = {
			isa = PBXGroup;
			children = (
				E270DA8D2699E7E4009B035B /* IngredientTableViewCell.swift */,
				E270DA8E2699E7E4009B035B /* IngredientTableViewCell.xib */,
			);
			path = Cell;
			sourceTree = "<group>";
		};
		E270DA9F269A5770009B035B /* TotalNutritionFacts */ = {
			isa = PBXGroup;
			children = (
				E270DAA2269A57A4009B035B /* View */,
				E270DAA1269A579A009B035B /* ViewModel */,
				E270DAA0269A578C009B035B /* Model */,
			);
			path = TotalNutritionFacts;
			sourceTree = "<group>";
		};
		E270DAA0269A578C009B035B /* Model */ = {
			isa = PBXGroup;
			children = (
				E270DAAB269A65E7009B035B /* Facts.swift */,
				E270DAA9269A65D8009B035B /* TotalNutrients.swift */,
				E270DAAF269A6713009B035B /* TotalNutrientsKCal.swift */,
				E270DAAD269A66BD009B035B /* nut.swift */,
			);
			path = Model;
			sourceTree = "<group>";
		};
		E270DAA1269A579A009B035B /* ViewModel */ = {
			isa = PBXGroup;
			children = (
				E270DAA7269A5949009B035B /* TotalFactsViewModel.swift */,
			);
			path = ViewModel;
			sourceTree = "<group>";
		};
		E270DAA2269A57A4009B035B /* View */ = {
			isa = PBXGroup;
			children = (
				E270DAA3269A5922009B035B /* TotalFactsViewController.swift */,
				E270DAA5269A592D009B035B /* TotalFacts.storyboard */,
			);
			path = View;
			sourceTree = "<group>";
		};
/* End PBXGroup section */

/* Begin PBXNativeTarget section */
		E220A8132699085D009B4F60 /* NutritionAnalysisApp */ = {
			isa = PBXNativeTarget;
			buildConfigurationList = E220A83E26990860009B4F60 /* Build configuration list for PBXNativeTarget "NutritionAnalysisApp" */;
			buildPhases = (
				A2E1413B84EA9D89502EBA46 /* [CP] Check Pods Manifest.lock */,
				E220A8102699085D009B4F60 /* Sources */,
				E220A8112699085D009B4F60 /* Frameworks */,
				E220A8122699085D009B4F60 /* Resources */,
				D6D1FAAE9BB89D214AEDDB27 /* [CP] Embed Pods Frameworks */,
			);
			buildRules = (
			);
			dependencies = (
			);
			name = NutritionAnalysisApp;
			productName = NutritionAnalysisApp;
			productReference = E220A8142699085D009B4F60 /* NutritionAnalysisApp.app */;
			productType = "com.apple.product-type.application";
		};
		E220A82926990860009B4F60 /* NutritionAnalysisAppTests */ = {
			isa = PBXNativeTarget;
			buildConfigurationList = E220A84126990860009B4F60 /* Build configuration list for PBXNativeTarget "NutritionAnalysisAppTests" */;
			buildPhases = (
				13894F70A60A3D843A9FE3EB /* [CP] Check Pods Manifest.lock */,
				E220A82626990860009B4F60 /* Sources */,
				E220A82726990860009B4F60 /* Frameworks */,
				E220A82826990860009B4F60 /* Resources */,
			);
			buildRules = (
			);
			dependencies = (
				E220A82C26990860009B4F60 /* PBXTargetDependency */,
			);
			name = NutritionAnalysisAppTests;
			productName = NutritionAnalysisAppTests;
			productReference = E220A82A26990860009B4F60 /* NutritionAnalysisAppTests.xctest */;
			productType = "com.apple.product-type.bundle.unit-test";
		};
		E220A83426990860009B4F60 /* NutritionAnalysisAppUITests */ = {
			isa = PBXNativeTarget;
			buildConfigurationList = E220A84426990860009B4F60 /* Build configuration list for PBXNativeTarget "NutritionAnalysisAppUITests" */;
			buildPhases = (
				3F72683B0E523CD4E23A1473 /* [CP] Check Pods Manifest.lock */,
				E220A83126990860009B4F60 /* Sources */,
				E220A83226990860009B4F60 /* Frameworks */,
				E220A83326990860009B4F60 /* Resources */,
				BBD338A47E44BCA53602F2F3 /* [CP] Embed Pods Frameworks */,
			);
			buildRules = (
			);
			dependencies = (
				E220A83726990860009B4F60 /* PBXTargetDependency */,
			);
			name = NutritionAnalysisAppUITests;
			productName = NutritionAnalysisAppUITests;
			productReference = E220A83526990860009B4F60 /* NutritionAnalysisAppUITests.xctest */;
			productType = "com.apple.product-type.bundle.ui-testing";
		};
/* End PBXNativeTarget section */

/* Begin PBXProject section */
		E220A80C2699085D009B4F60 /* Project object */ = {
			isa = PBXProject;
			attributes = {
				LastSwiftUpdateCheck = 1250;
				LastUpgradeCheck = 1250;
				TargetAttributes = {
					E220A8132699085D009B4F60 = {
						CreatedOnToolsVersion = 12.5;
					};
					E220A82926990860009B4F60 = {
						CreatedOnToolsVersion = 12.5;
						TestTargetID = E220A8132699085D009B4F60;
					};
					E220A83426990860009B4F60 = {
						CreatedOnToolsVersion = 12.5;
						TestTargetID = E220A8132699085D009B4F60;
					};
				};
			};
			buildConfigurationList = E220A80F2699085D009B4F60 /* Build configuration list for PBXProject "NutritionAnalysisApp" */;
			compatibilityVersion = "Xcode 9.3";
			developmentRegion = en;
			hasScannedForEncodings = 0;
			knownRegions = (
				en,
				Base,
			);
			mainGroup = E220A80B2699085D009B4F60;
			productRefGroup = E220A8152699085D009B4F60 /* Products */;
			projectDirPath = "";
			projectRoot = "";
			targets = (
				E220A8132699085D009B4F60 /* NutritionAnalysisApp */,
				E220A82926990860009B4F60 /* NutritionAnalysisAppTests */,
				E220A83426990860009B4F60 /* NutritionAnalysisAppUITests */,
			);
		};
/* End PBXProject section */

/* Begin PBXResourcesBuildPhase section */
		E220A8122699085D009B4F60 /* Resources */ = {
			isa = PBXResourcesBuildPhase;
			buildActionMask = 2147483647;
			files = (
				E270DA902699E7E4009B035B /* IngredientTableViewCell.xib in Resources */,
				E220A82426990860009B4F60 /* LaunchScreen.storyboard in Resources */,
				E270DA8B2699E724009B035B /* IngredientsDetails.storyboard in Resources */,
				E220A82126990860009B4F60 /* Assets.xcassets in Resources */,
				E270DAA6269A592D009B035B /* TotalFacts.storyboard in Resources */,
				E220A81F2699085D009B4F60 /* Main.storyboard in Resources */,
				E220A858269917E6009B4F60 /* Home.storyboard in Resources */,
			);
			runOnlyForDeploymentPostprocessing = 0;
		};
		E220A82826990860009B4F60 /* Resources */ = {
			isa = PBXResourcesBuildPhase;
			buildActionMask = 2147483647;
			files = (
			);
			runOnlyForDeploymentPostprocessing = 0;
		};
		E220A83326990860009B4F60 /* Resources */ = {
			isa = PBXResourcesBuildPhase;
			buildActionMask = 2147483647;
			files = (
			);
			runOnlyForDeploymentPostprocessing = 0;
		};
/* End PBXResourcesBuildPhase section */

/* Begin PBXShellScriptBuildPhase section */
		13894F70A60A3D843A9FE3EB /* [CP] Check Pods Manifest.lock */ = {
			isa = PBXShellScriptBuildPhase;
			buildActionMask = 2147483647;
			files = (
			);
			inputFileListPaths = (
			);
			inputPaths = (
				"${PODS_PODFILE_DIR_PATH}/Podfile.lock",
				"${PODS_ROOT}/Manifest.lock",
			);
			name = "[CP] Check Pods Manifest.lock";
			outputFileListPaths = (
			);
			outputPaths = (
				"$(DERIVED_FILE_DIR)/Pods-NutritionAnalysisAppTests-checkManifestLockResult.txt",
			);
			runOnlyForDeploymentPostprocessing = 0;
			shellPath = /bin/sh;
			shellScript = "diff \"${PODS_PODFILE_DIR_PATH}/Podfile.lock\" \"${PODS_ROOT}/Manifest.lock\" > /dev/null\nif [ $? != 0 ] ; then\n    # print error to STDERR\n    echo \"error: The sandbox is not in sync with the Podfile.lock. Run 'pod install' or update your CocoaPods installation.\" >&2\n    exit 1\nfi\n# This output is used by Xcode 'outputs' to avoid re-running this script phase.\necho \"SUCCESS\" > \"${SCRIPT_OUTPUT_FILE_0}\"\n";
			showEnvVarsInLog = 0;
		};
		3F72683B0E523CD4E23A1473 /* [CP] Check Pods Manifest.lock */ = {
			isa = PBXShellScriptBuildPhase;
			buildActionMask = 2147483647;
			files = (
			);
			inputFileListPaths = (
			);
			inputPaths = (
				"${PODS_PODFILE_DIR_PATH}/Podfile.lock",
				"${PODS_ROOT}/Manifest.lock",
			);
			name = "[CP] Check Pods Manifest.lock";
			outputFileListPaths = (
			);
			outputPaths = (
				"$(DERIVED_FILE_DIR)/Pods-NutritionAnalysisApp-NutritionAnalysisAppUITests-checkManifestLockResult.txt",
			);
			runOnlyForDeploymentPostprocessing = 0;
			shellPath = /bin/sh;
			shellScript = "diff \"${PODS_PODFILE_DIR_PATH}/Podfile.lock\" \"${PODS_ROOT}/Manifest.lock\" > /dev/null\nif [ $? != 0 ] ; then\n    # print error to STDERR\n    echo \"error: The sandbox is not in sync with the Podfile.lock. Run 'pod install' or update your CocoaPods installation.\" >&2\n    exit 1\nfi\n# This output is used by Xcode 'outputs' to avoid re-running this script phase.\necho \"SUCCESS\" > \"${SCRIPT_OUTPUT_FILE_0}\"\n";
			showEnvVarsInLog = 0;
		};
		A2E1413B84EA9D89502EBA46 /* [CP] Check Pods Manifest.lock */ = {
			isa = PBXShellScriptBuildPhase;
			buildActionMask = 2147483647;
			files = (
			);
			inputFileListPaths = (
			);
			inputPaths = (
				"${PODS_PODFILE_DIR_PATH}/Podfile.lock",
				"${PODS_ROOT}/Manifest.lock",
			);
			name = "[CP] Check Pods Manifest.lock";
			outputFileListPaths = (
			);
			outputPaths = (
				"$(DERIVED_FILE_DIR)/Pods-NutritionAnalysisApp-checkManifestLockResult.txt",
			);
			runOnlyForDeploymentPostprocessing = 0;
			shellPath = /bin/sh;
			shellScript = "diff \"${PODS_PODFILE_DIR_PATH}/Podfile.lock\" \"${PODS_ROOT}/Manifest.lock\" > /dev/null\nif [ $? != 0 ] ; then\n    # print error to STDERR\n    echo \"error: The sandbox is not in sync with the Podfile.lock. Run 'pod install' or update your CocoaPods installation.\" >&2\n    exit 1\nfi\n# This output is used by Xcode 'outputs' to avoid re-running this script phase.\necho \"SUCCESS\" > \"${SCRIPT_OUTPUT_FILE_0}\"\n";
			showEnvVarsInLog = 0;
		};
		BBD338A47E44BCA53602F2F3 /* [CP] Embed Pods Frameworks */ = {
			isa = PBXShellScriptBuildPhase;
			buildActionMask = 2147483647;
			files = (
			);
			inputFileListPaths = (
				"${PODS_ROOT}/Target Support Files/Pods-NutritionAnalysisApp-NutritionAnalysisAppUITests/Pods-NutritionAnalysisApp-NutritionAnalysisAppUITests-frameworks-${CONFIGURATION}-input-files.xcfilelist",
			);
			name = "[CP] Embed Pods Frameworks";
			outputFileListPaths = (
				"${PODS_ROOT}/Target Support Files/Pods-NutritionAnalysisApp-NutritionAnalysisAppUITests/Pods-NutritionAnalysisApp-NutritionAnalysisAppUITests-frameworks-${CONFIGURATION}-output-files.xcfilelist",
			);
			runOnlyForDeploymentPostprocessing = 0;
			shellPath = /bin/sh;
			shellScript = "\"${PODS_ROOT}/Target Support Files/Pods-NutritionAnalysisApp-NutritionAnalysisAppUITests/Pods-NutritionAnalysisApp-NutritionAnalysisAppUITests-frameworks.sh\"\n";
			showEnvVarsInLog = 0;
		};
		D6D1FAAE9BB89D214AEDDB27 /* [CP] Embed Pods Frameworks */ = {
			isa = PBXShellScriptBuildPhase;
			buildActionMask = 2147483647;
			files = (
			);
			inputFileListPaths = (
				"${PODS_ROOT}/Target Support Files/Pods-NutritionAnalysisApp/Pods-NutritionAnalysisApp-frameworks-${CONFIGURATION}-input-files.xcfilelist",
			);
			name = "[CP] Embed Pods Frameworks";
			outputFileListPaths = (
				"${PODS_ROOT}/Target Support Files/Pods-NutritionAnalysisApp/Pods-NutritionAnalysisApp-frameworks-${CONFIGURATION}-output-files.xcfilelist",
			);
			runOnlyForDeploymentPostprocessing = 0;
			shellPath = /bin/sh;
			shellScript = "\"${PODS_ROOT}/Target Support Files/Pods-NutritionAnalysisApp/Pods-NutritionAnalysisApp-frameworks.sh\"\n";
			showEnvVarsInLog = 0;
		};
/* End PBXShellScriptBuildPhase section */

/* Begin PBXSourcesBuildPhase section */
		E220A8102699085D009B4F60 /* Sources */ = {
			isa = PBXSourcesBuildPhase;
			buildActionMask = 2147483647;
			files = (
				E270DA922699F93E009B035B /* UIView+Border.swift in Sources */,
				E220A865269920F2009B4F60 /* Nutrient.swift in Sources */,
				E220A850269915F4009B4F60 /* Storyboards.swift in Sources */,
				E220A86126991E0D009B4F60 /* AnalyzeResponse.swift in Sources */,
				E270DA942699F95B009B035B /* UIView+CornerRadius.swift in Sources */,
				E270DAA4269A5922009B035B /* TotalFactsViewController.swift in Sources */,
				E220A86326992029009B4F60 /* Ingredient.swift in Sources */,
				E220A86726992285009B4F60 /* HomeNetworkRequests.swift.swift in Sources */,
				E270DA9E269A4F26009B035B /* dic.swift in Sources */,
				E270DA8F2699E7E4009B035B /* IngredientTableViewCell.swift in Sources */,
				E220A81C2699085D009B4F60 /* ViewController.swift in Sources */,
				E270DAAE269A66BD009B035B /* nut.swift in Sources */,
				E270DA862699E6F6009B035B /* IngredientsDetailsViewController.swift in Sources */,
				E220A869269922C3009B4F60 /* HomeRouter.swift in Sources */,
				E220A85B26991838009B4F60 /* UIViewController + Extension.swift in Sources */,
				E220A85F26991BBD009B4F60 /* HomeViewModel.swift in Sources */,
				E220A85226991657009B4F60 /* NetworkConstants.swift in Sources */,
				E270DA96269A0B64009B035B /* IngredientsDetailsViewModel.swift in Sources */,
				E270DAB0269A6713009B035B /* TotalNutrientsKCal.swift in Sources */,
				E270DAAC269A65E7009B035B /* Facts.swift in Sources */,
				E270DAA8269A5949009B035B /* TotalFactsViewModel.swift in Sources */,
				E220A8182699085D009B4F60 /* AppDelegate.swift in Sources */,
				E220A85D26991924009B4F60 /* HomeViewController.swift in Sources */,
				E220A81A2699085D009B4F60 /* SceneDelegate.swift in Sources */,
				E270DAAA269A65D8009B035B /* TotalNutrients.swift in Sources */,
			);
			runOnlyForDeploymentPostprocessing = 0;
		};
		E220A82626990860009B4F60 /* Sources */ = {
			isa = PBXSourcesBuildPhase;
			buildActionMask = 2147483647;
			files = (
				E220A82F26990860009B4F60 /* NutritionAnalysisAppTests.swift in Sources */,
			);
			runOnlyForDeploymentPostprocessing = 0;
		};
		E220A83126990860009B4F60 /* Sources */ = {
			isa = PBXSourcesBuildPhase;
			buildActionMask = 2147483647;
			files = (
				E220A83A26990860009B4F60 /* NutritionAnalysisAppUITests.swift in Sources */,
			);
			runOnlyForDeploymentPostprocessing = 0;
		};
/* End PBXSourcesBuildPhase section */

/* Begin PBXTargetDependency section */
		E220A82C26990860009B4F60 /* PBXTargetDependency */ = {
			isa = PBXTargetDependency;
			target = E220A8132699085D009B4F60 /* NutritionAnalysisApp */;
			targetProxy = E220A82B26990860009B4F60 /* PBXContainerItemProxy */;
		};
		E220A83726990860009B4F60 /* PBXTargetDependency */ = {
			isa = PBXTargetDependency;
			target = E220A8132699085D009B4F60 /* NutritionAnalysisApp */;
			targetProxy = E220A83626990860009B4F60 /* PBXContainerItemProxy */;
		};
/* End PBXTargetDependency section */

/* Begin PBXVariantGroup section */
		E220A81D2699085D009B4F60 /* Main.storyboard */ = {
			isa = PBXVariantGroup;
			children = (
				E220A81E2699085D009B4F60 /* Base */,
			);
			name = Main.storyboard;
			sourceTree = "<group>";
		};
		E220A82226990860009B4F60 /* LaunchScreen.storyboard */ = {
			isa = PBXVariantGroup;
			children = (
				E220A82326990860009B4F60 /* Base */,
			);
			name = LaunchScreen.storyboard;
			sourceTree = "<group>";
		};
/* End PBXVariantGroup section */

/* Begin XCBuildConfiguration section */
		E220A83C26990860009B4F60 /* Debug */ = {
			isa = XCBuildConfiguration;
			buildSettings = {
				ALWAYS_SEARCH_USER_PATHS = NO;
				CLANG_ANALYZER_NONNULL = YES;
				CLANG_ANALYZER_NUMBER_OBJECT_CONVERSION = YES_AGGRESSIVE;
				CLANG_CXX_LANGUAGE_STANDARD = "gnu++14";
				CLANG_CXX_LIBRARY = "libc++";
				CLANG_ENABLE_MODULES = YES;
				CLANG_ENABLE_OBJC_ARC = YES;
				CLANG_ENABLE_OBJC_WEAK = YES;
				CLANG_WARN_BLOCK_CAPTURE_AUTORELEASING = YES;
				CLANG_WARN_BOOL_CONVERSION = YES;
				CLANG_WARN_COMMA = YES;
				CLANG_WARN_CONSTANT_CONVERSION = YES;
				CLANG_WARN_DEPRECATED_OBJC_IMPLEMENTATIONS = YES;
				CLANG_WARN_DIRECT_OBJC_ISA_USAGE = YES_ERROR;
				CLANG_WARN_DOCUMENTATION_COMMENTS = YES;
				CLANG_WARN_EMPTY_BODY = YES;
				CLANG_WARN_ENUM_CONVERSION = YES;
				CLANG_WARN_INFINITE_RECURSION = YES;
				CLANG_WARN_INT_CONVERSION = YES;
				CLANG_WARN_NON_LITERAL_NULL_CONVERSION = YES;
				CLANG_WARN_OBJC_IMPLICIT_RETAIN_SELF = YES;
				CLANG_WARN_OBJC_LITERAL_CONVERSION = YES;
				CLANG_WARN_OBJC_ROOT_CLASS = YES_ERROR;
				CLANG_WARN_QUOTED_INCLUDE_IN_FRAMEWORK_HEADER = YES;
				CLANG_WARN_RANGE_LOOP_ANALYSIS = YES;
				CLANG_WARN_STRICT_PROTOTYPES = YES;
				CLANG_WARN_SUSPICIOUS_MOVE = YES;
				CLANG_WARN_UNGUARDED_AVAILABILITY = YES_AGGRESSIVE;
				CLANG_WARN_UNREACHABLE_CODE = YES;
				CLANG_WARN__DUPLICATE_METHOD_MATCH = YES;
				COPY_PHASE_STRIP = NO;
				DEBUG_INFORMATION_FORMAT = dwarf;
				ENABLE_STRICT_OBJC_MSGSEND = YES;
				ENABLE_TESTABILITY = YES;
				GCC_C_LANGUAGE_STANDARD = gnu11;
				GCC_DYNAMIC_NO_PIC = NO;
				GCC_NO_COMMON_BLOCKS = YES;
				GCC_OPTIMIZATION_LEVEL = 0;
				GCC_PREPROCESSOR_DEFINITIONS = (
					"DEBUG=1",
					"$(inherited)",
				);
				GCC_WARN_64_TO_32_BIT_CONVERSION = YES;
				GCC_WARN_ABOUT_RETURN_TYPE = YES_ERROR;
				GCC_WARN_UNDECLARED_SELECTOR = YES;
				GCC_WARN_UNINITIALIZED_AUTOS = YES_AGGRESSIVE;
				GCC_WARN_UNUSED_FUNCTION = YES;
				GCC_WARN_UNUSED_VARIABLE = YES;
				IPHONEOS_DEPLOYMENT_TARGET = 14.5;
				MTL_ENABLE_DEBUG_INFO = INCLUDE_SOURCE;
				MTL_FAST_MATH = YES;
				ONLY_ACTIVE_ARCH = YES;
				SDKROOT = iphoneos;
				SWIFT_ACTIVE_COMPILATION_CONDITIONS = DEBUG;
				SWIFT_OPTIMIZATION_LEVEL = "-Onone";
			};
			name = Debug;
		};
		E220A83D26990860009B4F60 /* Release */ = {
			isa = XCBuildConfiguration;
			buildSettings = {
				ALWAYS_SEARCH_USER_PATHS = NO;
				CLANG_ANALYZER_NONNULL = YES;
				CLANG_ANALYZER_NUMBER_OBJECT_CONVERSION = YES_AGGRESSIVE;
				CLANG_CXX_LANGUAGE_STANDARD = "gnu++14";
				CLANG_CXX_LIBRARY = "libc++";
				CLANG_ENABLE_MODULES = YES;
				CLANG_ENABLE_OBJC_ARC = YES;
				CLANG_ENABLE_OBJC_WEAK = YES;
				CLANG_WARN_BLOCK_CAPTURE_AUTORELEASING = YES;
				CLANG_WARN_BOOL_CONVERSION = YES;
				CLANG_WARN_COMMA = YES;
				CLANG_WARN_CONSTANT_CONVERSION = YES;
				CLANG_WARN_DEPRECATED_OBJC_IMPLEMENTATIONS = YES;
				CLANG_WARN_DIRECT_OBJC_ISA_USAGE = YES_ERROR;
				CLANG_WARN_DOCUMENTATION_COMMENTS = YES;
				CLANG_WARN_EMPTY_BODY = YES;
				CLANG_WARN_ENUM_CONVERSION = YES;
				CLANG_WARN_INFINITE_RECURSION = YES;
				CLANG_WARN_INT_CONVERSION = YES;
				CLANG_WARN_NON_LITERAL_NULL_CONVERSION = YES;
				CLANG_WARN_OBJC_IMPLICIT_RETAIN_SELF = YES;
				CLANG_WARN_OBJC_LITERAL_CONVERSION = YES;
				CLANG_WARN_OBJC_ROOT_CLASS = YES_ERROR;
				CLANG_WARN_QUOTED_INCLUDE_IN_FRAMEWORK_HEADER = YES;
				CLANG_WARN_RANGE_LOOP_ANALYSIS = YES;
				CLANG_WARN_STRICT_PROTOTYPES = YES;
				CLANG_WARN_SUSPICIOUS_MOVE = YES;
				CLANG_WARN_UNGUARDED_AVAILABILITY = YES_AGGRESSIVE;
				CLANG_WARN_UNREACHABLE_CODE = YES;
				CLANG_WARN__DUPLICATE_METHOD_MATCH = YES;
				COPY_PHASE_STRIP = NO;
				DEBUG_INFORMATION_FORMAT = "dwarf-with-dsym";
				ENABLE_NS_ASSERTIONS = NO;
				ENABLE_STRICT_OBJC_MSGSEND = YES;
				GCC_C_LANGUAGE_STANDARD = gnu11;
				GCC_NO_COMMON_BLOCKS = YES;
				GCC_WARN_64_TO_32_BIT_CONVERSION = YES;
				GCC_WARN_ABOUT_RETURN_TYPE = YES_ERROR;
				GCC_WARN_UNDECLARED_SELECTOR = YES;
				GCC_WARN_UNINITIALIZED_AUTOS = YES_AGGRESSIVE;
				GCC_WARN_UNUSED_FUNCTION = YES;
				GCC_WARN_UNUSED_VARIABLE = YES;
				IPHONEOS_DEPLOYMENT_TARGET = 14.5;
				MTL_ENABLE_DEBUG_INFO = NO;
				MTL_FAST_MATH = YES;
				SDKROOT = iphoneos;
				SWIFT_COMPILATION_MODE = wholemodule;
				SWIFT_OPTIMIZATION_LEVEL = "-O";
				VALIDATE_PRODUCT = YES;
			};
			name = Release;
		};
		E220A83F26990860009B4F60 /* Debug */ = {
			isa = XCBuildConfiguration;
			baseConfigurationReference = 99797DF4D1DBD45DC3D41D02 /* Pods-NutritionAnalysisApp.debug.xcconfig */;
			buildSettings = {
				ASSETCATALOG_COMPILER_APPICON_NAME = AppIcon;
				ASSETCATALOG_COMPILER_GLOBAL_ACCENT_COLOR_NAME = AccentColor;
				CODE_SIGN_STYLE = Automatic;
				DEVELOPMENT_TEAM = 694FHN4V7Q;
				INFOPLIST_FILE = "$(SRCROOT)/NutritionAnalysisApp/configuration/Info.plist";
				LD_RUNPATH_SEARCH_PATHS = (
					"$(inherited)",
					"@executable_path/Frameworks",
				);
				PRODUCT_BUNDLE_IDENTIFIER = com.Ramadan.NutritionAnalysisApp;
				PRODUCT_NAME = "$(TARGET_NAME)";
				SWIFT_VERSION = 5.0;
				TARGETED_DEVICE_FAMILY = "1,2";
			};
			name = Debug;
		};
		E220A84026990860009B4F60 /* Release */ = {
			isa = XCBuildConfiguration;
			baseConfigurationReference = F502D41294CF6F50C5F8436E /* Pods-NutritionAnalysisApp.release.xcconfig */;
			buildSettings = {
				ASSETCATALOG_COMPILER_APPICON_NAME = AppIcon;
				ASSETCATALOG_COMPILER_GLOBAL_ACCENT_COLOR_NAME = AccentColor;
				CODE_SIGN_STYLE = Automatic;
				DEVELOPMENT_TEAM = 694FHN4V7Q;
				INFOPLIST_FILE = "$(SRCROOT)/NutritionAnalysisApp/configuration/Info.plist";
				LD_RUNPATH_SEARCH_PATHS = (
					"$(inherited)",
					"@executable_path/Frameworks",
				);
				PRODUCT_BUNDLE_IDENTIFIER = com.Ramadan.NutritionAnalysisApp;
				PRODUCT_NAME = "$(TARGET_NAME)";
				SWIFT_VERSION = 5.0;
				TARGETED_DEVICE_FAMILY = "1,2";
			};
			name = Release;
		};
		E220A84226990860009B4F60 /* Debug */ = {
			isa = XCBuildConfiguration;
			baseConfigurationReference = 2684FE934539D8531A14CB51 /* Pods-NutritionAnalysisAppTests.debug.xcconfig */;
			buildSettings = {
				ALWAYS_EMBED_SWIFT_STANDARD_LIBRARIES = YES;
				BUNDLE_LOADER = "$(TEST_HOST)";
				CODE_SIGN_STYLE = Automatic;
				DEVELOPMENT_TEAM = 694FHN4V7Q;
				INFOPLIST_FILE = NutritionAnalysisAppTests/Info.plist;
				IPHONEOS_DEPLOYMENT_TARGET = 14.5;
				LD_RUNPATH_SEARCH_PATHS = (
					"$(inherited)",
					"@executable_path/Frameworks",
					"@loader_path/Frameworks",
				);
				PRODUCT_BUNDLE_IDENTIFIER = com.Ramadan.NutritionAnalysisAppTests;
				PRODUCT_NAME = "$(TARGET_NAME)";
				SWIFT_VERSION = 5.0;
				TARGETED_DEVICE_FAMILY = "1,2";
				TEST_HOST = "$(BUILT_PRODUCTS_DIR)/NutritionAnalysisApp.app/NutritionAnalysisApp";
			};
			name = Debug;
		};
		E220A84326990860009B4F60 /* Release */ = {
			isa = XCBuildConfiguration;
			baseConfigurationReference = 759813DC80CF3445B970D009 /* Pods-NutritionAnalysisAppTests.release.xcconfig */;
			buildSettings = {
				ALWAYS_EMBED_SWIFT_STANDARD_LIBRARIES = YES;
				BUNDLE_LOADER = "$(TEST_HOST)";
				CODE_SIGN_STYLE = Automatic;
				DEVELOPMENT_TEAM = 694FHN4V7Q;
				INFOPLIST_FILE = NutritionAnalysisAppTests/Info.plist;
				IPHONEOS_DEPLOYMENT_TARGET = 14.5;
				LD_RUNPATH_SEARCH_PATHS = (
					"$(inherited)",
					"@executable_path/Frameworks",
					"@loader_path/Frameworks",
				);
				PRODUCT_BUNDLE_IDENTIFIER = com.Ramadan.NutritionAnalysisAppTests;
				PRODUCT_NAME = "$(TARGET_NAME)";
				SWIFT_VERSION = 5.0;
				TARGETED_DEVICE_FAMILY = "1,2";
				TEST_HOST = "$(BUILT_PRODUCTS_DIR)/NutritionAnalysisApp.app/NutritionAnalysisApp";
			};
			name = Release;
		};
		E220A84526990860009B4F60 /* Debug */ = {
			isa = XCBuildConfiguration;
			baseConfigurationReference = F43279FF051DE53AB1A8F3F9 /* Pods-NutritionAnalysisApp-NutritionAnalysisAppUITests.debug.xcconfig */;
			buildSettings = {
				ALWAYS_EMBED_SWIFT_STANDARD_LIBRARIES = YES;
				CODE_SIGN_STYLE = Automatic;
				DEVELOPMENT_TEAM = 694FHN4V7Q;
				INFOPLIST_FILE = NutritionAnalysisAppUITests/Info.plist;
				LD_RUNPATH_SEARCH_PATHS = (
					"$(inherited)",
					"@executable_path/Frameworks",
					"@loader_path/Frameworks",
				);
				PRODUCT_BUNDLE_IDENTIFIER = com.Ramadan.NutritionAnalysisAppUITests;
				PRODUCT_NAME = "$(TARGET_NAME)";
				SWIFT_VERSION = 5.0;
				TARGETED_DEVICE_FAMILY = "1,2";
				TEST_TARGET_NAME = NutritionAnalysisApp;
			};
			name = Debug;
		};
		E220A84626990860009B4F60 /* Release */ = {
			isa = XCBuildConfiguration;
			baseConfigurationReference = EC0406A731B581784BCFCE9B /* Pods-NutritionAnalysisApp-NutritionAnalysisAppUITests.release.xcconfig */;
			buildSettings = {
				ALWAYS_EMBED_SWIFT_STANDARD_LIBRARIES = YES;
				CODE_SIGN_STYLE = Automatic;
				DEVELOPMENT_TEAM = 694FHN4V7Q;
				INFOPLIST_FILE = NutritionAnalysisAppUITests/Info.plist;
				LD_RUNPATH_SEARCH_PATHS = (
					"$(inherited)",
					"@executable_path/Frameworks",
					"@loader_path/Frameworks",
				);
				PRODUCT_BUNDLE_IDENTIFIER = com.Ramadan.NutritionAnalysisAppUITests;
				PRODUCT_NAME = "$(TARGET_NAME)";
				SWIFT_VERSION = 5.0;
				TARGETED_DEVICE_FAMILY = "1,2";
				TEST_TARGET_NAME = NutritionAnalysisApp;
			};
			name = Release;
		};
/* End XCBuildConfiguration section */

/* Begin XCConfigurationList section */
		E220A80F2699085D009B4F60 /* Build configuration list for PBXProject "NutritionAnalysisApp" */ = {
			isa = XCConfigurationList;
			buildConfigurations = (
				E220A83C26990860009B4F60 /* Debug */,
				E220A83D26990860009B4F60 /* Release */,
			);
			defaultConfigurationIsVisible = 0;
			defaultConfigurationName = Release;
		};
		E220A83E26990860009B4F60 /* Build configuration list for PBXNativeTarget "NutritionAnalysisApp" */ = {
			isa = XCConfigurationList;
			buildConfigurations = (
				E220A83F26990860009B4F60 /* Debug */,
				E220A84026990860009B4F60 /* Release */,
			);
			defaultConfigurationIsVisible = 0;
			defaultConfigurationName = Release;
		};
		E220A84126990860009B4F60 /* Build configuration list for PBXNativeTarget "NutritionAnalysisAppTests" */ = {
			isa = XCConfigurationList;
			buildConfigurations = (
				E220A84226990860009B4F60 /* Debug */,
				E220A84326990860009B4F60 /* Release */,
			);
			defaultConfigurationIsVisible = 0;
			defaultConfigurationName = Release;
		};
		E220A84426990860009B4F60 /* Build configuration list for PBXNativeTarget "NutritionAnalysisAppUITests" */ = {
			isa = XCConfigurationList;
			buildConfigurations = (
				E220A84526990860009B4F60 /* Debug */,
				E220A84626990860009B4F60 /* Release */,
			);
			defaultConfigurationIsVisible = 0;
			defaultConfigurationName = Release;
		};
/* End XCConfigurationList section */
	};
	rootObject = E220A80C2699085D009B4F60 /* Project object */;
}
